
Microsoft Visual Studio Solution File, Format Version 12.00
# Visual Studio 14
VisualStudioVersion = 14.0.24720.0
MinimumVisualStudioVersion = 10.0.40219.1
Project("{00D1A9C2-B5F0-4AF3-8072-F6C62B433612}") = "SQL_BD", "SQL_BD\SQL_BD.sqlproj", "{D50AEC6C-655B-4A3D-9513-069169A39C2F}"
EndProject
Project("{FAE04EC0-301F-11D3-BF4B-00C04F79EFBC}") = "WebApplication1", "WebApplication1\WebApplication1.csproj", "{FBAD492D-FB3C-440B-A151-5924A8F9B24A}"
EndProject
Global
	GlobalSection(SolutionConfigurationPlatforms) = preSolution
		Debug|Any CPU = Debug|Any CPU
		Release|Any CPU = Release|Any CPU
	EndGlobalSection
	GlobalSection(ProjectConfigurationPlatforms) = postSolution
		{D50AEC6C-655B-4A3D-9513-069169A39C2F}.Debug|Any CPU.ActiveCfg = Debug|Any CPU
		{D50AEC6C-655B-4A3D-9513-069169A39C2F}.Debug|Any CPU.Build.0 = Debug|Any CPU
		{D50AEC6C-655B-4A3D-9513-069169A39C2F}.Debug|Any CPU.Deploy.0 = Debug|Any CPU
		{D50AEC6C-655B-4A3D-9513-069169A39C2F}.Release|Any CPU.ActiveCfg = Release|Any CPU
		{D50AEC6C-655B-4A3D-9513-069169A39C2F}.Release|Any CPU.Build.0 = Release|Any CPU
		{D50AEC6C-655B-4A3D-9513-069169A39C2F}.Release|Any CPU.Deploy.0 = Release|Any CPU
		{FBAD492D-FB3C-440B-A151-5924A8F9B24A}.Debug|Any CPU.ActiveCfg = Debug|Any CPU
		{FBAD492D-FB3C-440B-A151-5924A8F9B24A}.Debug|Any CPU.Build.0 = Debug|Any CPU
		{FBAD492D-FB3C-440B-A151-5924A8F9B24A}.Release|Any CPU.ActiveCfg = Release|Any CPU
		{FBAD492D-FB3C-440B-A151-5924A8F9B24A}.Release|Any CPU.Build.0 = Release|Any CPU
	EndGlobalSection
	GlobalSection(SolutionProperties) = preSolution
		HideSolutionNode = FALSE
	EndGlobalSection
EndGlobal
